
Microsoft Visual Studio Solution File, Format Version 12.00
# Visual Studio 15
VisualStudioVersion = 15.0.27004.2010
MinimumVisualStudioVersion = 10.0.40219.1
Project("{FAE04EC0-301F-11D3-BF4B-00C04F79EFBC}") = "SimpleChatApp", "SimpleChatApp\SimpleChatApp.csproj", "{1E39D3F3-34FC-4FFD-AF2F-19C61A98523B}"
EndProject
Project("{FAE04EC0-301F-11D3-BF4B-00C04F79EFBC}") = "SimpleChatAppClient", "SimpleChatAppClient\SimpleChatAppClient.csproj", "{9F547C42-D390-40A6-9E5B-6E69ABCAD824}"
EndProject
Project("{FAE04EC0-301F-11D3-BF4B-00C04F79EFBC}") = "SimpleChatFormClient", "SimpleChatFormClient\SimpleChatFormClient.csproj", "{8E537A90-BC66-4AC9-90CB-20521FE49F33}"
EndProject
Global
	GlobalSection(SolutionConfigurationPlatforms) = preSolution
		Debug|Any CPU = Debug|Any CPU
		Release|Any CPU = Release|Any CPU
	EndGlobalSection
	GlobalSection(ProjectConfigurationPlatforms) = postSolution
		{1E39D3F3-34FC-4FFD-AF2F-19C61A98523B}.Debug|Any CPU.ActiveCfg = Debug|Any CPU
		{1E39D3F3-34FC-4FFD-AF2F-19C61A98523B}.Debug|Any CPU.Build.0 = Debug|Any CPU
		{1E39D3F3-34FC-4FFD-AF2F-19C61A98523B}.Release|Any CPU.ActiveCfg = Release|Any CPU
		{1E39D3F3-34FC-4FFD-AF2F-19C61A98523B}.Release|Any CPU.Build.0 = Release|Any CPU
		{9F547C42-D390-40A6-9E5B-6E69ABCAD824}.Debug|Any CPU.ActiveCfg = Debug|Any CPU
		{9F547C42-D390-40A6-9E5B-6E69ABCAD824}.Debug|Any CPU.Build.0 = Debug|Any CPU
		{9F547C42-D390-40A6-9E5B-6E69ABCAD824}.Release|Any CPU.ActiveCfg = Release|Any CPU
		{9F547C42-D390-40A6-9E5B-6E69ABCAD824}.Release|Any CPU.Build.0 = Release|Any CPU
		{8E537A90-BC66-4AC9-90CB-20521FE49F33}.Debug|Any CPU.ActiveCfg = Debug|Any CPU
		{8E537A90-BC66-4AC9-90CB-20521FE49F33}.Debug|Any CPU.Build.0 = Debug|Any CPU
		{8E537A90-BC66-4AC9-90CB-20521FE49F33}.Release|Any CPU.ActiveCfg = Release|Any CPU
		{8E537A90-BC66-4AC9-90CB-20521FE49F33}.Release|Any CPU.Build.0 = Release|Any CPU
	EndGlobalSection
	GlobalSection(SolutionProperties) = preSolution
		HideSolutionNode = FALSE
	EndGlobalSection
	GlobalSection(ExtensibilityGlobals) = postSolution
		SolutionGuid = {3DEBB379-7A80-4EE8-BFE7-FF31390C32B4}
	EndGlobalSection
EndGlobal
